
Microsoft Visual Studio Solution File, Format Version 12.00
# Visual Studio 14
VisualStudioVersion = 14.0.25420.1
MinimumVisualStudioVersion = 10.0.40219.1
Project("{FAE04EC0-301F-11D3-BF4B-00C04F79EFBC}") = "AttributeRouting", "AttributeRouting\AttributeRouting.csproj", "{B1AAC5E4-123C-4843-9CA1-946C508F134E}"
EndProject
Project("{FAE04EC0-301F-11D3-BF4B-00C04F79EFBC}") = "CSVMediaFormatter", "CSVMediaFormatter\CSVMediaFormatter.csproj", "{B4B34BF9-FABE-4E78-A215-F3420CFCABDA}"
EndProject
Project("{FAE04EC0-301F-11D3-BF4B-00C04F79EFBC}") = "ModelValidation", "ModelValidation\ModelValidation.csproj", "{FAB345DD-F7FF-48A8-835F-4FBACC52F327}"
EndProject
Project("{FAE04EC0-301F-11D3-BF4B-00C04F79EFBC}") = "ValidationErrors", "ValidationErrors\ValidationErrors.csproj", "{4C03D27B-FE14-4E46-88EB-4578D509F2C3}"
EndProject
Project("{FAE04EC0-301F-11D3-BF4B-00C04F79EFBC}") = "FromUriBody", "FromUriBody\FromUriBody.csproj", "{BD064344-28F7-4735-9675-4E7FCBBC0588}"
EndProject
Project("{2150E333-8FDC-42A3-9474-1A3956D46DE8}") = "Routing", "Routing", "{8DA272AA-E463-4A59-8B6F-8C14EB26AAE9}"
EndProject
Project("{2150E333-8FDC-42A3-9474-1A3956D46DE8}") = "Cross", "Cross", "{0ACCD3DA-1640-40E8-B172-5BEF7EF168FA}"
EndProject
Project("{2150E333-8FDC-42A3-9474-1A3956D46DE8}") = "Binding", "Binding", "{56EBA4E5-6D2E-4A23-924D-30EC501B06EC}"
EndProject
Project("{FAE04EC0-301F-11D3-BF4B-00C04F79EFBC}") = "ParameterBinding", "ParameterBinding\ParameterBinding.csproj", "{6ED77EC2-6292-4065-8888-BFBA67929978}"
EndProject
Project("{FAE04EC0-301F-11D3-BF4B-00C04F79EFBC}") = "HttpClient", "HttpClient\HttpClient.csproj", "{9ACE06A5-436A-4209-8E7B-06CA72A01BDE}"
EndProject
Project("{FAE04EC0-301F-11D3-BF4B-00C04F79EFBC}") = "CorsAPI", "CorsAPI\CorsAPI.csproj", "{A66D53D7-3E9A-4275-98F6-22F5E29D9C23}"
EndProject
Project("{FAE04EC0-301F-11D3-BF4B-00C04F79EFBC}") = "CorsMVC", "CorsMVC\CorsMVC.csproj", "{6E58F224-E331-40F6-997E-358092891A10}"
EndProject
Global
	GlobalSection(SolutionConfigurationPlatforms) = preSolution
		Debug|Any CPU = Debug|Any CPU
		Release|Any CPU = Release|Any CPU
	EndGlobalSection
	GlobalSection(ProjectConfigurationPlatforms) = postSolution
		{B1AAC5E4-123C-4843-9CA1-946C508F134E}.Debug|Any CPU.ActiveCfg = Debug|Any CPU
		{B1AAC5E4-123C-4843-9CA1-946C508F134E}.Debug|Any CPU.Build.0 = Debug|Any CPU
		{B1AAC5E4-123C-4843-9CA1-946C508F134E}.Release|Any CPU.ActiveCfg = Release|Any CPU
		{B1AAC5E4-123C-4843-9CA1-946C508F134E}.Release|Any CPU.Build.0 = Release|Any CPU
		{B4B34BF9-FABE-4E78-A215-F3420CFCABDA}.Debug|Any CPU.ActiveCfg = Debug|Any CPU
		{B4B34BF9-FABE-4E78-A215-F3420CFCABDA}.Debug|Any CPU.Build.0 = Debug|Any CPU
		{B4B34BF9-FABE-4E78-A215-F3420CFCABDA}.Release|Any CPU.ActiveCfg = Release|Any CPU
		{B4B34BF9-FABE-4E78-A215-F3420CFCABDA}.Release|Any CPU.Build.0 = Release|Any CPU
		{FAB345DD-F7FF-48A8-835F-4FBACC52F327}.Debug|Any CPU.ActiveCfg = Debug|Any CPU
		{FAB345DD-F7FF-48A8-835F-4FBACC52F327}.Debug|Any CPU.Build.0 = Debug|Any CPU
		{FAB345DD-F7FF-48A8-835F-4FBACC52F327}.Release|Any CPU.ActiveCfg = Release|Any CPU
		{FAB345DD-F7FF-48A8-835F-4FBACC52F327}.Release|Any CPU.Build.0 = Release|Any CPU
		{4C03D27B-FE14-4E46-88EB-4578D509F2C3}.Debug|Any CPU.ActiveCfg = Debug|Any CPU
		{4C03D27B-FE14-4E46-88EB-4578D509F2C3}.Debug|Any CPU.Build.0 = Debug|Any CPU
		{4C03D27B-FE14-4E46-88EB-4578D509F2C3}.Release|Any CPU.ActiveCfg = Release|Any CPU
		{4C03D27B-FE14-4E46-88EB-4578D509F2C3}.Release|Any CPU.Build.0 = Release|Any CPU
		{BD064344-28F7-4735-9675-4E7FCBBC0588}.Debug|Any CPU.ActiveCfg = Debug|Any CPU
		{BD064344-28F7-4735-9675-4E7FCBBC0588}.Debug|Any CPU.Build.0 = Debug|Any CPU
		{BD064344-28F7-4735-9675-4E7FCBBC0588}.Release|Any CPU.ActiveCfg = Release|Any CPU
		{BD064344-28F7-4735-9675-4E7FCBBC0588}.Release|Any CPU.Build.0 = Release|Any CPU
		{6ED77EC2-6292-4065-8888-BFBA67929978}.Debug|Any CPU.ActiveCfg = Debug|Any CPU
		{6ED77EC2-6292-4065-8888-BFBA67929978}.Debug|Any CPU.Build.0 = Debug|Any CPU
		{6ED77EC2-6292-4065-8888-BFBA67929978}.Release|Any CPU.ActiveCfg = Release|Any CPU
		{6ED77EC2-6292-4065-8888-BFBA67929978}.Release|Any CPU.Build.0 = Release|Any CPU
		{9ACE06A5-436A-4209-8E7B-06CA72A01BDE}.Debug|Any CPU.ActiveCfg = Debug|Any CPU
		{9ACE06A5-436A-4209-8E7B-06CA72A01BDE}.Debug|Any CPU.Build.0 = Debug|Any CPU
		{9ACE06A5-436A-4209-8E7B-06CA72A01BDE}.Release|Any CPU.ActiveCfg = Release|Any CPU
		{9ACE06A5-436A-4209-8E7B-06CA72A01BDE}.Release|Any CPU.Build.0 = Release|Any CPU
		{A66D53D7-3E9A-4275-98F6-22F5E29D9C23}.Debug|Any CPU.ActiveCfg = Debug|Any CPU
		{A66D53D7-3E9A-4275-98F6-22F5E29D9C23}.Debug|Any CPU.Build.0 = Debug|Any CPU
		{A66D53D7-3E9A-4275-98F6-22F5E29D9C23}.Release|Any CPU.ActiveCfg = Release|Any CPU
		{A66D53D7-3E9A-4275-98F6-22F5E29D9C23}.Release|Any CPU.Build.0 = Release|Any CPU
		{6E58F224-E331-40F6-997E-358092891A10}.Debug|Any CPU.ActiveCfg = Debug|Any CPU
		{6E58F224-E331-40F6-997E-358092891A10}.Debug|Any CPU.Build.0 = Debug|Any CPU
		{6E58F224-E331-40F6-997E-358092891A10}.Release|Any CPU.ActiveCfg = Release|Any CPU
		{6E58F224-E331-40F6-997E-358092891A10}.Release|Any CPU.Build.0 = Release|Any CPU
	EndGlobalSection
	GlobalSection(SolutionProperties) = preSolution
		HideSolutionNode = FALSE
	EndGlobalSection
	GlobalSection(NestedProjects) = preSolution
		{B1AAC5E4-123C-4843-9CA1-946C508F134E} = {8DA272AA-E463-4A59-8B6F-8C14EB26AAE9}
		{B4B34BF9-FABE-4E78-A215-F3420CFCABDA} = {56EBA4E5-6D2E-4A23-924D-30EC501B06EC}
		{FAB345DD-F7FF-48A8-835F-4FBACC52F327} = {56EBA4E5-6D2E-4A23-924D-30EC501B06EC}
		{4C03D27B-FE14-4E46-88EB-4578D509F2C3} = {56EBA4E5-6D2E-4A23-924D-30EC501B06EC}
		{BD064344-28F7-4735-9675-4E7FCBBC0588} = {56EBA4E5-6D2E-4A23-924D-30EC501B06EC}
		{6ED77EC2-6292-4065-8888-BFBA67929978} = {56EBA4E5-6D2E-4A23-924D-30EC501B06EC}
		{9ACE06A5-436A-4209-8E7B-06CA72A01BDE} = {0ACCD3DA-1640-40E8-B172-5BEF7EF168FA}
		{A66D53D7-3E9A-4275-98F6-22F5E29D9C23} = {0ACCD3DA-1640-40E8-B172-5BEF7EF168FA}
		{6E58F224-E331-40F6-997E-358092891A10} = {0ACCD3DA-1640-40E8-B172-5BEF7EF168FA}
	EndGlobalSection
EndGlobal
